
Microsoft Visual Studio Solution File, Format Version 12.00
# Visual Studio Version 16
VisualStudioVersion = 16.0.29418.71
MinimumVisualStudioVersion = 10.0.40219.1
Project("{9A19103F-16F7-4668-BE54-9A1E7A4F7556}") = "Connectivity.Web", "Connectivity.Web\Connectivity.Web.csproj", "{2E88032B-1589-40A4-8EA4-3533D8269660}"
EndProject
Project("{9A19103F-16F7-4668-BE54-9A1E7A4F7556}") = "Connectivity.WebApi", "Connectivity.WebApi\Connectivity.WebApi.csproj", "{BD82D7B9-87A5-4756-84B2-E8A3AE5EDE60}"
EndProject
Project("{9A19103F-16F7-4668-BE54-9A1E7A4F7556}") = "Connectivity.Persistence", "Connectivity.Persistence\Connectivity.Persistence.csproj", "{F6CE771A-0E23-4EAA-BF6C-E2E207B56F0C}"
EndProject
Project("{9A19103F-16F7-4668-BE54-9A1E7A4F7556}") = "Connectivity.Domain", "Connectivity.Domain\Connectivity.Domain.csproj", "{97EA6B71-53EA-45E7-8142-0F9E7ADAB4D0}"
EndProject
Project("{9A19103F-16F7-4668-BE54-9A1E7A4F7556}") = "Connectivity.Application", "Connectivity.Application\Connectivity.Application.csproj", "{F47B0110-03C2-4F7D-965F-385C90CA771F}"
EndProject
Project("{9A19103F-16F7-4668-BE54-9A1E7A4F7556}") = "CardsBatch", "ImportExcelCardsBatch\CardsBatch.csproj", "{0BCD3CFB-BC1C-4247-9AF2-57A8D591D502}"
EndProject
Global
	GlobalSection(SolutionConfigurationPlatforms) = preSolution
		Debug|Any CPU = Debug|Any CPU
		dev|Any CPU = dev|Any CPU
		master|Any CPU = master|Any CPU
		Release|Any CPU = Release|Any CPU
	EndGlobalSection
	GlobalSection(ProjectConfigurationPlatforms) = postSolution
		{2E88032B-1589-40A4-8EA4-3533D8269660}.Debug|Any CPU.ActiveCfg = Debug|Any CPU
		{2E88032B-1589-40A4-8EA4-3533D8269660}.Debug|Any CPU.Build.0 = Debug|Any CPU
		{2E88032B-1589-40A4-8EA4-3533D8269660}.dev|Any CPU.ActiveCfg = dev|Any CPU
		{2E88032B-1589-40A4-8EA4-3533D8269660}.dev|Any CPU.Build.0 = dev|Any CPU
		{2E88032B-1589-40A4-8EA4-3533D8269660}.master|Any CPU.ActiveCfg = master|Any CPU
		{2E88032B-1589-40A4-8EA4-3533D8269660}.master|Any CPU.Build.0 = master|Any CPU
		{2E88032B-1589-40A4-8EA4-3533D8269660}.Release|Any CPU.ActiveCfg = Release|Any CPU
		{2E88032B-1589-40A4-8EA4-3533D8269660}.Release|Any CPU.Build.0 = Release|Any CPU
		{BD82D7B9-87A5-4756-84B2-E8A3AE5EDE60}.Debug|Any CPU.ActiveCfg = Debug|Any CPU
		{BD82D7B9-87A5-4756-84B2-E8A3AE5EDE60}.Debug|Any CPU.Build.0 = Debug|Any CPU
		{BD82D7B9-87A5-4756-84B2-E8A3AE5EDE60}.dev|Any CPU.ActiveCfg = dev|Any CPU
		{BD82D7B9-87A5-4756-84B2-E8A3AE5EDE60}.dev|Any CPU.Build.0 = dev|Any CPU
		{BD82D7B9-87A5-4756-84B2-E8A3AE5EDE60}.master|Any CPU.ActiveCfg = master|Any CPU
		{BD82D7B9-87A5-4756-84B2-E8A3AE5EDE60}.master|Any CPU.Build.0 = master|Any CPU
		{BD82D7B9-87A5-4756-84B2-E8A3AE5EDE60}.Release|Any CPU.ActiveCfg = Release|Any CPU
		{BD82D7B9-87A5-4756-84B2-E8A3AE5EDE60}.Release|Any CPU.Build.0 = Release|Any CPU
		{F6CE771A-0E23-4EAA-BF6C-E2E207B56F0C}.Debug|Any CPU.ActiveCfg = Debug|Any CPU
		{F6CE771A-0E23-4EAA-BF6C-E2E207B56F0C}.Debug|Any CPU.Build.0 = Debug|Any CPU
		{F6CE771A-0E23-4EAA-BF6C-E2E207B56F0C}.dev|Any CPU.ActiveCfg = dev|Any CPU
		{F6CE771A-0E23-4EAA-BF6C-E2E207B56F0C}.dev|Any CPU.Build.0 = dev|Any CPU
		{F6CE771A-0E23-4EAA-BF6C-E2E207B56F0C}.master|Any CPU.ActiveCfg = master|Any CPU
		{F6CE771A-0E23-4EAA-BF6C-E2E207B56F0C}.master|Any CPU.Build.0 = master|Any CPU
		{F6CE771A-0E23-4EAA-BF6C-E2E207B56F0C}.Release|Any CPU.ActiveCfg = Release|Any CPU
		{F6CE771A-0E23-4EAA-BF6C-E2E207B56F0C}.Release|Any CPU.Build.0 = Release|Any CPU
		{97EA6B71-53EA-45E7-8142-0F9E7ADAB4D0}.Debug|Any CPU.ActiveCfg = Debug|Any CPU
		{97EA6B71-53EA-45E7-8142-0F9E7ADAB4D0}.Debug|Any CPU.Build.0 = Debug|Any CPU
		{97EA6B71-53EA-45E7-8142-0F9E7ADAB4D0}.dev|Any CPU.ActiveCfg = dev|Any CPU
		{97EA6B71-53EA-45E7-8142-0F9E7ADAB4D0}.dev|Any CPU.Build.0 = dev|Any CPU
		{97EA6B71-53EA-45E7-8142-0F9E7ADAB4D0}.master|Any CPU.ActiveCfg = master|Any CPU
		{97EA6B71-53EA-45E7-8142-0F9E7ADAB4D0}.master|Any CPU.Build.0 = master|Any CPU
		{97EA6B71-53EA-45E7-8142-0F9E7ADAB4D0}.Release|Any CPU.ActiveCfg = Release|Any CPU
		{97EA6B71-53EA-45E7-8142-0F9E7ADAB4D0}.Release|Any CPU.Build.0 = Release|Any CPU
		{F47B0110-03C2-4F7D-965F-385C90CA771F}.Debug|Any CPU.ActiveCfg = Debug|Any CPU
		{F47B0110-03C2-4F7D-965F-385C90CA771F}.Debug|Any CPU.Build.0 = Debug|Any CPU
		{F47B0110-03C2-4F7D-965F-385C90CA771F}.dev|Any CPU.ActiveCfg = dev|Any CPU
		{F47B0110-03C2-4F7D-965F-385C90CA771F}.dev|Any CPU.Build.0 = dev|Any CPU
		{F47B0110-03C2-4F7D-965F-385C90CA771F}.master|Any CPU.ActiveCfg = master|Any CPU
		{F47B0110-03C2-4F7D-965F-385C90CA771F}.master|Any CPU.Build.0 = master|Any CPU
		{F47B0110-03C2-4F7D-965F-385C90CA771F}.Release|Any CPU.ActiveCfg = Release|Any CPU
		{F47B0110-03C2-4F7D-965F-385C90CA771F}.Release|Any CPU.Build.0 = Release|Any CPU
		{0BCD3CFB-BC1C-4247-9AF2-57A8D591D502}.Debug|Any CPU.ActiveCfg = Debug|Any CPU
		{0BCD3CFB-BC1C-4247-9AF2-57A8D591D502}.Debug|Any CPU.Build.0 = Debug|Any CPU
		{0BCD3CFB-BC1C-4247-9AF2-57A8D591D502}.dev|Any CPU.ActiveCfg = Debug|Any CPU
		{0BCD3CFB-BC1C-4247-9AF2-57A8D591D502}.dev|Any CPU.Build.0 = Debug|Any CPU
		{0BCD3CFB-BC1C-4247-9AF2-57A8D591D502}.master|Any CPU.ActiveCfg = Debug|Any CPU
		{0BCD3CFB-BC1C-4247-9AF2-57A8D591D502}.master|Any CPU.Build.0 = Debug|Any CPU
		{0BCD3CFB-BC1C-4247-9AF2-57A8D591D502}.Release|Any CPU.ActiveCfg = Release|Any CPU
		{0BCD3CFB-BC1C-4247-9AF2-57A8D591D502}.Release|Any CPU.Build.0 = Release|Any CPU
	EndGlobalSection
	GlobalSection(SolutionProperties) = preSolution
		HideSolutionNode = FALSE
	EndGlobalSection
	GlobalSection(ExtensibilityGlobals) = postSolution
		SolutionGuid = {16BCEA3F-D458-42EE-AD3A-7DE244116D45}
	EndGlobalSection
EndGlobal
